
Microsoft Visual Studio Solution File, Format Version 12.00
# Visual Studio Version 16
VisualStudioVersion = 16.0.31515.178
MinimumVisualStudioVersion = 10.0.40219.1
Project("{9A19103F-16F7-4668-BE54-9A1E7A4F7556}") = "SAJ.Finder", "SAJ.Finder\SAJ.Finder.csproj", "{9C6E6388-38EF-474F-8CB2-77510D4A6F4A}"
EndProject
Project("{9A19103F-16F7-4668-BE54-9A1E7A4F7556}") = "SAJ.Data", "SAJ.Data\SAJ.Data.csproj", "{6C45B0D8-A37B-42E0-8790-8AE72CA2EE4A}"
EndProject
Global
	GlobalSection(SolutionConfigurationPlatforms) = preSolution
		Debug|Any CPU = Debug|Any CPU
		Release|Any CPU = Release|Any CPU
	EndGlobalSection
	GlobalSection(ProjectConfigurationPlatforms) = postSolution
		{9C6E6388-38EF-474F-8CB2-77510D4A6F4A}.Debug|Any CPU.ActiveCfg = Debug|Any CPU
		{9C6E6388-38EF-474F-8CB2-77510D4A6F4A}.Debug|Any CPU.Build.0 = Debug|Any CPU
		{9C6E6388-38EF-474F-8CB2-77510D4A6F4A}.Release|Any CPU.ActiveCfg = Release|Any CPU
		{9C6E6388-38EF-474F-8CB2-77510D4A6F4A}.Release|Any CPU.Build.0 = Release|Any CPU
		{6C45B0D8-A37B-42E0-8790-8AE72CA2EE4A}.Debug|Any CPU.ActiveCfg = Debug|Any CPU
		{6C45B0D8-A37B-42E0-8790-8AE72CA2EE4A}.Debug|Any CPU.Build.0 = Debug|Any CPU
		{6C45B0D8-A37B-42E0-8790-8AE72CA2EE4A}.Release|Any CPU.ActiveCfg = Release|Any CPU
		{6C45B0D8-A37B-42E0-8790-8AE72CA2EE4A}.Release|Any CPU.Build.0 = Release|Any CPU
	EndGlobalSection
	GlobalSection(SolutionProperties) = preSolution
		HideSolutionNode = FALSE
	EndGlobalSection
	GlobalSection(ExtensibilityGlobals) = postSolution
		SolutionGuid = {FAA0260A-02B2-436C-9785-95700425CE13}
	EndGlobalSection
EndGlobal
